
Microsoft Visual Studio Solution File, Format Version 12.00
# Visual Studio 15
VisualStudioVersion = 15.0.27130.2027
MinimumVisualStudioVersion = 10.0.40219.1
Project("{FAE04EC0-301F-11D3-BF4B-00C04F79EFBC}") = "CarAssist.Android", "CarAssist\CarAssist.Android\CarAssist.Android.csproj", "{181E9C9E-DD2C-4757-9C3C-E49769D6DB11}"
	ProjectSection(ProjectDependencies) = postProject
		{7ABD66C1-7350-4E19-9D9F-C32544CDD3CE} = {7ABD66C1-7350-4E19-9D9F-C32544CDD3CE}
	EndProjectSection
EndProject
Project("{FAE04EC0-301F-11D3-BF4B-00C04F79EFBC}") = "CarAssist.iOS", "CarAssist\CarAssist.iOS\CarAssist.iOS.csproj", "{82BC1BAC-99E4-48C5-A3C1-23E34E76A20A}"
	ProjectSection(ProjectDependencies) = postProject
		{7ABD66C1-7350-4E19-9D9F-C32544CDD3CE} = {7ABD66C1-7350-4E19-9D9F-C32544CDD3CE}
	EndProjectSection
EndProject
Project("{FAE04EC0-301F-11D3-BF4B-00C04F79EFBC}") = "CarAssist.UWP", "CarAssist\CarAssist.UWP\CarAssist.UWP.csproj", "{32CF13A4-89AE-49F3-B39B-67C025D15C49}"
EndProject
Project("{9A19103F-16F7-4668-BE54-9A1E7A4F7556}") = "CarAssist", "CarAssist\CarAssist\CarAssist.csproj", "{7ABD66C1-7350-4E19-9D9F-C32544CDD3CE}"
EndProject
Global
	GlobalSection(SolutionConfigurationPlatforms) = preSolution
		Ad-Hoc|Any CPU = Ad-Hoc|Any CPU
		Ad-Hoc|ARM = Ad-Hoc|ARM
		Ad-Hoc|iPhone = Ad-Hoc|iPhone
		Ad-Hoc|iPhoneSimulator = Ad-Hoc|iPhoneSimulator
		Ad-Hoc|x64 = Ad-Hoc|x64
		Ad-Hoc|x86 = Ad-Hoc|x86
		AppStore|Any CPU = AppStore|Any CPU
		AppStore|ARM = AppStore|ARM
		AppStore|iPhone = AppStore|iPhone
		AppStore|iPhoneSimulator = AppStore|iPhoneSimulator
		AppStore|x64 = AppStore|x64
		AppStore|x86 = AppStore|x86
		Debug|Any CPU = Debug|Any CPU
		Debug|ARM = Debug|ARM
		Debug|iPhone = Debug|iPhone
		Debug|iPhoneSimulator = Debug|iPhoneSimulator
		Debug|x64 = Debug|x64
		Debug|x86 = Debug|x86
		Release|Any CPU = Release|Any CPU
		Release|ARM = Release|ARM
		Release|iPhone = Release|iPhone
		Release|iPhoneSimulator = Release|iPhoneSimulator
		Release|x64 = Release|x64
		Release|x86 = Release|x86
	EndGlobalSection
	GlobalSection(ProjectConfigurationPlatforms) = postSolution
		{181E9C9E-DD2C-4757-9C3C-E49769D6DB11}.Ad-Hoc|Any CPU.ActiveCfg = Release|Any CPU
		{181E9C9E-DD2C-4757-9C3C-E49769D6DB11}.Ad-Hoc|Any CPU.Build.0 = Release|Any CPU
		{181E9C9E-DD2C-4757-9C3C-E49769D6DB11}.Ad-Hoc|Any CPU.Deploy.0 = Release|Any CPU
		{181E9C9E-DD2C-4757-9C3C-E49769D6DB11}.Ad-Hoc|ARM.ActiveCfg = Release|Any CPU
		{181E9C9E-DD2C-4757-9C3C-E49769D6DB11}.Ad-Hoc|ARM.Build.0 = Release|Any CPU
		{181E9C9E-DD2C-4757-9C3C-E49769D6DB11}.Ad-Hoc|ARM.Deploy.0 = Release|Any CPU
		{181E9C9E-DD2C-4757-9C3C-E49769D6DB11}.Ad-Hoc|iPhone.ActiveCfg = Release|Any CPU
		{181E9C9E-DD2C-4757-9C3C-E49769D6DB11}.Ad-Hoc|iPhone.Build.0 = Release|Any CPU
		{181E9C9E-DD2C-4757-9C3C-E49769D6DB11}.Ad-Hoc|iPhone.Deploy.0 = Release|Any CPU
		{181E9C9E-DD2C-4757-9C3C-E49769D6DB11}.Ad-Hoc|iPhoneSimulator.ActiveCfg = Release|Any CPU
		{181E9C9E-DD2C-4757-9C3C-E49769D6DB11}.Ad-Hoc|iPhoneSimulator.Build.0 = Release|Any CPU
		{181E9C9E-DD2C-4757-9C3C-E49769D6DB11}.Ad-Hoc|iPhoneSimulator.Deploy.0 = Release|Any CPU
		{181E9C9E-DD2C-4757-9C3C-E49769D6DB11}.Ad-Hoc|x64.ActiveCfg = Release|Any CPU
		{181E9C9E-DD2C-4757-9C3C-E49769D6DB11}.Ad-Hoc|x64.Build.0 = Release|Any CPU
		{181E9C9E-DD2C-4757-9C3C-E49769D6DB11}.Ad-Hoc|x64.Deploy.0 = Release|Any CPU
		{181E9C9E-DD2C-4757-9C3C-E49769D6DB11}.Ad-Hoc|x86.ActiveCfg = Release|Any CPU
		{181E9C9E-DD2C-4757-9C3C-E49769D6DB11}.Ad-Hoc|x86.Build.0 = Release|Any CPU
		{181E9C9E-DD2C-4757-9C3C-E49769D6DB11}.Ad-Hoc|x86.Deploy.0 = Release|Any CPU
		{181E9C9E-DD2C-4757-9C3C-E49769D6DB11}.AppStore|Any CPU.ActiveCfg = Release|Any CPU
		{181E9C9E-DD2C-4757-9C3C-E49769D6DB11}.AppStore|Any CPU.Build.0 = Release|Any CPU
		{181E9C9E-DD2C-4757-9C3C-E49769D6DB11}.AppStore|Any CPU.Deploy.0 = Release|Any CPU
		{181E9C9E-DD2C-4757-9C3C-E49769D6DB11}.AppStore|ARM.ActiveCfg = Release|Any CPU
		{181E9C9E-DD2C-4757-9C3C-E49769D6DB11}.AppStore|ARM.Build.0 = Release|Any CPU
		{181E9C9E-DD2C-4757-9C3C-E49769D6DB11}.AppStore|ARM.Deploy.0 = Release|Any CPU
		{181E9C9E-DD2C-4757-9C3C-E49769D6DB11}.AppStore|iPhone.ActiveCfg = Release|Any CPU
		{181E9C9E-DD2C-4757-9C3C-E49769D6DB11}.AppStore|iPhone.Build.0 = Release|Any CPU
		{181E9C9E-DD2C-4757-9C3C-E49769D6DB11}.AppStore|iPhone.Deploy.0 = Release|Any CPU
		{181E9C9E-DD2C-4757-9C3C-E49769D6DB11}.AppStore|iPhoneSimulator.ActiveCfg = Release|Any CPU
		{181E9C9E-DD2C-4757-9C3C-E49769D6DB11}.AppStore|iPhoneSimulator.Build.0 = Release|Any CPU
		{181E9C9E-DD2C-4757-9C3C-E49769D6DB11}.AppStore|iPhoneSimulator.Deploy.0 = Release|Any CPU
		{181E9C9E-DD2C-4757-9C3C-E49769D6DB11}.AppStore|x64.ActiveCfg = Release|Any CPU
		{181E9C9E-DD2C-4757-9C3C-E49769D6DB11}.AppStore|x64.Build.0 = Release|Any CPU
		{181E9C9E-DD2C-4757-9C3C-E49769D6DB11}.AppStore|x64.Deploy.0 = Release|Any CPU
		{181E9C9E-DD2C-4757-9C3C-E49769D6DB11}.AppStore|x86.ActiveCfg = Release|Any CPU
		{181E9C9E-DD2C-4757-9C3C-E49769D6DB11}.AppStore|x86.Build.0 = Release|Any CPU
		{181E9C9E-DD2C-4757-9C3C-E49769D6DB11}.AppStore|x86.Deploy.0 = Release|Any CPU
		{181E9C9E-DD2C-4757-9C3C-E49769D6DB11}.Debug|Any CPU.ActiveCfg = Debug|Any CPU
		{181E9C9E-DD2C-4757-9C3C-E49769D6DB11}.Debug|Any CPU.Build.0 = Debug|Any CPU
		{181E9C9E-DD2C-4757-9C3C-E49769D6DB11}.Debug|Any CPU.Deploy.0 = Debug|Any CPU
		{181E9C9E-DD2C-4757-9C3C-E49769D6DB11}.Debug|ARM.ActiveCfg = Debug|Any CPU
		{181E9C9E-DD2C-4757-9C3C-E49769D6DB11}.Debug|ARM.Build.0 = Debug|Any CPU
		{181E9C9E-DD2C-4757-9C3C-E49769D6DB11}.Debug|ARM.Deploy.0 = Debug|Any CPU
		{181E9C9E-DD2C-4757-9C3C-E49769D6DB11}.Debug|iPhone.ActiveCfg = Debug|Any CPU
		{181E9C9E-DD2C-4757-9C3C-E49769D6DB11}.Debug|iPhone.Build.0 = Debug|Any CPU
		{181E9C9E-DD2C-4757-9C3C-E49769D6DB11}.Debug|iPhone.Deploy.0 = Debug|Any CPU
		{181E9C9E-DD2C-4757-9C3C-E49769D6DB11}.Debug|iPhoneSimulator.ActiveCfg = Debug|Any CPU
		{181E9C9E-DD2C-4757-9C3C-E49769D6DB11}.Debug|iPhoneSimulator.Build.0 = Debug|Any CPU
		{181E9C9E-DD2C-4757-9C3C-E49769D6DB11}.Debug|iPhoneSimulator.Deploy.0 = Debug|Any CPU
		{181E9C9E-DD2C-4757-9C3C-E49769D6DB11}.Debug|x64.ActiveCfg = Debug|Any CPU
		{181E9C9E-DD2C-4757-9C3C-E49769D6DB11}.Debug|x64.Build.0 = Debug|Any CPU
		{181E9C9E-DD2C-4757-9C3C-E49769D6DB11}.Debug|x64.Deploy.0 = Debug|Any CPU
		{181E9C9E-DD2C-4757-9C3C-E49769D6DB11}.Debug|x86.ActiveCfg = Debug|Any CPU
		{181E9C9E-DD2C-4757-9C3C-E49769D6DB11}.Debug|x86.Build.0 = Debug|Any CPU
		{181E9C9E-DD2C-4757-9C3C-E49769D6DB11}.Debug|x86.Deploy.0 = Debug|Any CPU
		{181E9C9E-DD2C-4757-9C3C-E49769D6DB11}.Release|Any CPU.ActiveCfg = Release|Any CPU
		{181E9C9E-DD2C-4757-9C3C-E49769D6DB11}.Release|Any CPU.Build.0 = Release|Any CPU
		{181E9C9E-DD2C-4757-9C3C-E49769D6DB11}.Release|Any CPU.Deploy.0 = Release|Any CPU
		{181E9C9E-DD2C-4757-9C3C-E49769D6DB11}.Release|ARM.ActiveCfg = Release|Any CPU
		{181E9C9E-DD2C-4757-9C3C-E49769D6DB11}.Release|ARM.Build.0 = Release|Any CPU
		{181E9C9E-DD2C-4757-9C3C-E49769D6DB11}.Release|ARM.Deploy.0 = Release|Any CPU
		{181E9C9E-DD2C-4757-9C3C-E49769D6DB11}.Release|iPhone.ActiveCfg = Release|Any CPU
		{181E9C9E-DD2C-4757-9C3C-E49769D6DB11}.Release|iPhone.Build.0 = Release|Any CPU
		{181E9C9E-DD2C-4757-9C3C-E49769D6DB11}.Release|iPhone.Deploy.0 = Release|Any CPU
		{181E9C9E-DD2C-4757-9C3C-E49769D6DB11}.Release|iPhoneSimulator.ActiveCfg = Release|Any CPU
		{181E9C9E-DD2C-4757-9C3C-E49769D6DB11}.Release|iPhoneSimulator.Build.0 = Release|Any CPU
		{181E9C9E-DD2C-4757-9C3C-E49769D6DB11}.Release|iPhoneSimulator.Deploy.0 = Release|Any CPU
		{181E9C9E-DD2C-4757-9C3C-E49769D6DB11}.Release|x64.ActiveCfg = Release|Any CPU
		{181E9C9E-DD2C-4757-9C3C-E49769D6DB11}.Release|x64.Build.0 = Release|Any CPU
		{181E9C9E-DD2C-4757-9C3C-E49769D6DB11}.Release|x64.Deploy.0 = Release|Any CPU
		{181E9C9E-DD2C-4757-9C3C-E49769D6DB11}.Release|x86.ActiveCfg = Release|Any CPU
		{181E9C9E-DD2C-4757-9C3C-E49769D6DB11}.Release|x86.Build.0 = Release|Any CPU
		{181E9C9E-DD2C-4757-9C3C-E49769D6DB11}.Release|x86.Deploy.0 = Release|Any CPU
		{82BC1BAC-99E4-48C5-A3C1-23E34E76A20A}.Ad-Hoc|Any CPU.ActiveCfg = Ad-Hoc|iPhone
		{82BC1BAC-99E4-48C5-A3C1-23E34E76A20A}.Ad-Hoc|ARM.ActiveCfg = Ad-Hoc|iPhone
		{82BC1BAC-99E4-48C5-A3C1-23E34E76A20A}.Ad-Hoc|iPhone.ActiveCfg = Ad-Hoc|iPhone
		{82BC1BAC-99E4-48C5-A3C1-23E34E76A20A}.Ad-Hoc|iPhone.Build.0 = Ad-Hoc|iPhone
		{82BC1BAC-99E4-48C5-A3C1-23E34E76A20A}.Ad-Hoc|iPhoneSimulator.ActiveCfg = Ad-Hoc|iPhoneSimulator
		{82BC1BAC-99E4-48C5-A3C1-23E34E76A20A}.Ad-Hoc|iPhoneSimulator.Build.0 = Ad-Hoc|iPhoneSimulator
		{82BC1BAC-99E4-48C5-A3C1-23E34E76A20A}.Ad-Hoc|x64.ActiveCfg = Ad-Hoc|iPhone
		{82BC1BAC-99E4-48C5-A3C1-23E34E76A20A}.Ad-Hoc|x86.ActiveCfg = Ad-Hoc|iPhone
		{82BC1BAC-99E4-48C5-A3C1-23E34E76A20A}.AppStore|Any CPU.ActiveCfg = AppStore|iPhone
		{82BC1BAC-99E4-48C5-A3C1-23E34E76A20A}.AppStore|ARM.ActiveCfg = AppStore|iPhone
		{82BC1BAC-99E4-48C5-A3C1-23E34E76A20A}.AppStore|iPhone.ActiveCfg = AppStore|iPhone
		{82BC1BAC-99E4-48C5-A3C1-23E34E76A20A}.AppStore|iPhone.Build.0 = AppStore|iPhone
		{82BC1BAC-99E4-48C5-A3C1-23E34E76A20A}.AppStore|iPhoneSimulator.ActiveCfg = AppStore|iPhoneSimulator
		{82BC1BAC-99E4-48C5-A3C1-23E34E76A20A}.AppStore|iPhoneSimulator.Build.0 = AppStore|iPhoneSimulator
		{82BC1BAC-99E4-48C5-A3C1-23E34E76A20A}.AppStore|x64.ActiveCfg = AppStore|iPhone
		{82BC1BAC-99E4-48C5-A3C1-23E34E76A20A}.AppStore|x86.ActiveCfg = AppStore|iPhone
		{82BC1BAC-99E4-48C5-A3C1-23E34E76A20A}.Debug|Any CPU.ActiveCfg = Debug|iPhone
		{82BC1BAC-99E4-48C5-A3C1-23E34E76A20A}.Debug|Any CPU.Build.0 = Debug|iPhone
		{82BC1BAC-99E4-48C5-A3C1-23E34E76A20A}.Debug|ARM.ActiveCfg = Debug|iPhone
		{82BC1BAC-99E4-48C5-A3C1-23E34E76A20A}.Debug|iPhone.ActiveCfg = Debug|iPhone
		{82BC1BAC-99E4-48C5-A3C1-23E34E76A20A}.Debug|iPhone.Build.0 = Debug|iPhone
		{82BC1BAC-99E4-48C5-A3C1-23E34E76A20A}.Debug|iPhoneSimulator.ActiveCfg = Debug|iPhoneSimulator
		{82BC1BAC-99E4-48C5-A3C1-23E34E76A20A}.Debug|iPhoneSimulator.Build.0 = Debug|iPhoneSimulator
		{82BC1BAC-99E4-48C5-A3C1-23E34E76A20A}.Debug|x64.ActiveCfg = Debug|iPhone
		{82BC1BAC-99E4-48C5-A3C1-23E34E76A20A}.Debug|x86.ActiveCfg = Debug|iPhone
		{82BC1BAC-99E4-48C5-A3C1-23E34E76A20A}.Release|Any CPU.ActiveCfg = Release|iPhone
		{82BC1BAC-99E4-48C5-A3C1-23E34E76A20A}.Release|ARM.ActiveCfg = Release|iPhone
		{82BC1BAC-99E4-48C5-A3C1-23E34E76A20A}.Release|iPhone.ActiveCfg = Release|iPhone
		{82BC1BAC-99E4-48C5-A3C1-23E34E76A20A}.Release|iPhone.Build.0 = Release|iPhone
		{82BC1BAC-99E4-48C5-A3C1-23E34E76A20A}.Release|iPhoneSimulator.ActiveCfg = Release|iPhoneSimulator
		{82BC1BAC-99E4-48C5-A3C1-23E34E76A20A}.Release|iPhoneSimulator.Build.0 = Release|iPhoneSimulator
		{82BC1BAC-99E4-48C5-A3C1-23E34E76A20A}.Release|x64.ActiveCfg = Release|iPhone
		{82BC1BAC-99E4-48C5-A3C1-23E34E76A20A}.Release|x86.ActiveCfg = Release|iPhone
		{32CF13A4-89AE-49F3-B39B-67C025D15C49}.Ad-Hoc|Any CPU.ActiveCfg = Release|x86
		{32CF13A4-89AE-49F3-B39B-67C025D15C49}.Ad-Hoc|Any CPU.Build.0 = Release|x86
		{32CF13A4-89AE-49F3-B39B-67C025D15C49}.Ad-Hoc|Any CPU.Deploy.0 = Release|x86
		{32CF13A4-89AE-49F3-B39B-67C025D15C49}.Ad-Hoc|ARM.ActiveCfg = Release|ARM
		{32CF13A4-89AE-49F3-B39B-67C025D15C49}.Ad-Hoc|ARM.Build.0 = Release|ARM
		{32CF13A4-89AE-49F3-B39B-67C025D15C49}.Ad-Hoc|ARM.Deploy.0 = Release|ARM
		{32CF13A4-89AE-49F3-B39B-67C025D15C49}.Ad-Hoc|iPhone.ActiveCfg = Release|x86
		{32CF13A4-89AE-49F3-B39B-67C025D15C49}.Ad-Hoc|iPhone.Build.0 = Release|x86
		{32CF13A4-89AE-49F3-B39B-67C025D15C49}.Ad-Hoc|iPhone.Deploy.0 = Release|x86
		{32CF13A4-89AE-49F3-B39B-67C025D15C49}.Ad-Hoc|iPhoneSimulator.ActiveCfg = Release|x86
		{32CF13A4-89AE-49F3-B39B-67C025D15C49}.Ad-Hoc|iPhoneSimulator.Build.0 = Release|x86
		{32CF13A4-89AE-49F3-B39B-67C025D15C49}.Ad-Hoc|iPhoneSimulator.Deploy.0 = Release|x86
		{32CF13A4-89AE-49F3-B39B-67C025D15C49}.Ad-Hoc|x64.ActiveCfg = Release|x64
		{32CF13A4-89AE-49F3-B39B-67C025D15C49}.Ad-Hoc|x64.Build.0 = Release|x64
		{32CF13A4-89AE-49F3-B39B-67C025D15C49}.Ad-Hoc|x64.Deploy.0 = Release|x64
		{32CF13A4-89AE-49F3-B39B-67C025D15C49}.Ad-Hoc|x86.ActiveCfg = Release|x86
		{32CF13A4-89AE-49F3-B39B-67C025D15C49}.Ad-Hoc|x86.Build.0 = Release|x86
		{32CF13A4-89AE-49F3-B39B-67C025D15C49}.Ad-Hoc|x86.Deploy.0 = Release|x86
		{32CF13A4-89AE-49F3-B39B-67C025D15C49}.AppStore|Any CPU.ActiveCfg = Release|x86
		{32CF13A4-89AE-49F3-B39B-67C025D15C49}.AppStore|Any CPU.Build.0 = Release|x86
		{32CF13A4-89AE-49F3-B39B-67C025D15C49}.AppStore|Any CPU.Deploy.0 = Release|x86
		{32CF13A4-89AE-49F3-B39B-67C025D15C49}.AppStore|ARM.ActiveCfg = Release|ARM
		{32CF13A4-89AE-49F3-B39B-67C025D15C49}.AppStore|ARM.Build.0 = Release|ARM
		{32CF13A4-89AE-49F3-B39B-67C025D15C49}.AppStore|ARM.Deploy.0 = Release|ARM
		{32CF13A4-89AE-49F3-B39B-67C025D15C49}.AppStore|iPhone.ActiveCfg = Release|x86
		{32CF13A4-89AE-49F3-B39B-67C025D15C49}.AppStore|iPhone.Build.0 = Release|x86
		{32CF13A4-89AE-49F3-B39B-67C025D15C49}.AppStore|iPhone.Deploy.0 = Release|x86
		{32CF13A4-89AE-49F3-B39B-67C025D15C49}.AppStore|iPhoneSimulator.ActiveCfg = Release|x86
		{32CF13A4-89AE-49F3-B39B-67C025D15C49}.AppStore|iPhoneSimulator.Build.0 = Release|x86
		{32CF13A4-89AE-49F3-B39B-67C025D15C49}.AppStore|iPhoneSimulator.Deploy.0 = Release|x86
		{32CF13A4-89AE-49F3-B39B-67C025D15C49}.AppStore|x64.ActiveCfg = Release|x64
		{32CF13A4-89AE-49F3-B39B-67C025D15C49}.AppStore|x64.Build.0 = Release|x64
		{32CF13A4-89AE-49F3-B39B-67C025D15C49}.AppStore|x64.Deploy.0 = Release|x64
		{32CF13A4-89AE-49F3-B39B-67C025D15C49}.AppStore|x86.ActiveCfg = Release|x86
		{32CF13A4-89AE-49F3-B39B-67C025D15C49}.AppStore|x86.Build.0 = Release|x86
		{32CF13A4-89AE-49F3-B39B-67C025D15C49}.AppStore|x86.Deploy.0 = Release|x86
		{32CF13A4-89AE-49F3-B39B-67C025D15C49}.Debug|Any CPU.ActiveCfg = Debug|x86
		{32CF13A4-89AE-49F3-B39B-67C025D15C49}.Debug|Any CPU.Build.0 = Debug|x86
		{32CF13A4-89AE-49F3-B39B-67C025D15C49}.Debug|Any CPU.Deploy.0 = Debug|x86
		{32CF13A4-89AE-49F3-B39B-67C025D15C49}.Debug|ARM.ActiveCfg = Debug|ARM
		{32CF13A4-89AE-49F3-B39B-67C025D15C49}.Debug|ARM.Build.0 = Debug|ARM
		{32CF13A4-89AE-49F3-B39B-67C025D15C49}.Debug|ARM.Deploy.0 = Debug|ARM
		{32CF13A4-89AE-49F3-B39B-67C025D15C49}.Debug|iPhone.ActiveCfg = Debug|x86
		{32CF13A4-89AE-49F3-B39B-67C025D15C49}.Debug|iPhoneSimulator.ActiveCfg = Debug|x86
		{32CF13A4-89AE-49F3-B39B-67C025D15C49}.Debug|x64.ActiveCfg = Debug|x64
		{32CF13A4-89AE-49F3-B39B-67C025D15C49}.Debug|x64.Build.0 = Debug|x64
		{32CF13A4-89AE-49F3-B39B-67C025D15C49}.Debug|x64.Deploy.0 = Debug|x64
		{32CF13A4-89AE-49F3-B39B-67C025D15C49}.Debug|x86.ActiveCfg = Debug|x86
		{32CF13A4-89AE-49F3-B39B-67C025D15C49}.Debug|x86.Build.0 = Debug|x86
		{32CF13A4-89AE-49F3-B39B-67C025D15C49}.Debug|x86.Deploy.0 = Debug|x86
		{32CF13A4-89AE-49F3-B39B-67C025D15C49}.Release|Any CPU.ActiveCfg = Release|x86
		{32CF13A4-89AE-49F3-B39B-67C025D15C49}.Release|ARM.ActiveCfg = Release|ARM
		{32CF13A4-89AE-49F3-B39B-67C025D15C49}.Release|ARM.Build.0 = Release|ARM
		{32CF13A4-89AE-49F3-B39B-67C025D15C49}.Release|ARM.Deploy.0 = Release|ARM
		{32CF13A4-89AE-49F3-B39B-67C025D15C49}.Release|iPhone.ActiveCfg = Release|x86
		{32CF13A4-89AE-49F3-B39B-67C025D15C49}.Release|iPhoneSimulator.ActiveCfg = Release|x86
		{32CF13A4-89AE-49F3-B39B-67C025D15C49}.Release|x64.ActiveCfg = Release|x64
		{32CF13A4-89AE-49F3-B39B-67C025D15C49}.Release|x64.Build.0 = Release|x64
		{32CF13A4-89AE-49F3-B39B-67C025D15C49}.Release|x64.Deploy.0 = Release|x64
		{32CF13A4-89AE-49F3-B39B-67C025D15C49}.Release|x86.ActiveCfg = Release|x86
		{32CF13A4-89AE-49F3-B39B-67C025D15C49}.Release|x86.Build.0 = Release|x86
		{32CF13A4-89AE-49F3-B39B-67C025D15C49}.Release|x86.Deploy.0 = Release|x86
		{7ABD66C1-7350-4E19-9D9F-C32544CDD3CE}.Ad-Hoc|Any CPU.ActiveCfg = Debug|Any CPU
		{7ABD66C1-7350-4E19-9D9F-C32544CDD3CE}.Ad-Hoc|Any CPU.Build.0 = Debug|Any CPU
		{7ABD66C1-7350-4E19-9D9F-C32544CDD3CE}.Ad-Hoc|ARM.ActiveCfg = Debug|Any CPU
		{7ABD66C1-7350-4E19-9D9F-C32544CDD3CE}.Ad-Hoc|ARM.Build.0 = Debug|Any CPU
		{7ABD66C1-7350-4E19-9D9F-C32544CDD3CE}.Ad-Hoc|iPhone.ActiveCfg = Debug|Any CPU
		{7ABD66C1-7350-4E19-9D9F-C32544CDD3CE}.Ad-Hoc|iPhone.Build.0 = Debug|Any CPU
		{7ABD66C1-7350-4E19-9D9F-C32544CDD3CE}.Ad-Hoc|iPhoneSimulator.ActiveCfg = Debug|Any CPU
		{7ABD66C1-7350-4E19-9D9F-C32544CDD3CE}.Ad-Hoc|iPhoneSimulator.Build.0 = Debug|Any CPU
		{7ABD66C1-7350-4E19-9D9F-C32544CDD3CE}.Ad-Hoc|x64.ActiveCfg = Debug|Any CPU
		{7ABD66C1-7350-4E19-9D9F-C32544CDD3CE}.Ad-Hoc|x64.Build.0 = Debug|Any CPU
		{7ABD66C1-7350-4E19-9D9F-C32544CDD3CE}.Ad-Hoc|x86.ActiveCfg = Debug|Any CPU
		{7ABD66C1-7350-4E19-9D9F-C32544CDD3CE}.Ad-Hoc|x86.Build.0 = Debug|Any CPU
		{7ABD66C1-7350-4E19-9D9F-C32544CDD3CE}.AppStore|Any CPU.ActiveCfg = Debug|Any CPU
		{7ABD66C1-7350-4E19-9D9F-C32544CDD3CE}.AppStore|Any CPU.Build.0 = Debug|Any CPU
		{7ABD66C1-7350-4E19-9D9F-C32544CDD3CE}.AppStore|ARM.ActiveCfg = Debug|Any CPU
		{7ABD66C1-7350-4E19-9D9F-C32544CDD3CE}.AppStore|ARM.Build.0 = Debug|Any CPU
		{7ABD66C1-7350-4E19-9D9F-C32544CDD3CE}.AppStore|iPhone.ActiveCfg = Debug|Any CPU
		{7ABD66C1-7350-4E19-9D9F-C32544CDD3CE}.AppStore|iPhone.Build.0 = Debug|Any CPU
		{7ABD66C1-7350-4E19-9D9F-C32544CDD3CE}.AppStore|iPhoneSimulator.ActiveCfg = Debug|Any CPU
		{7ABD66C1-7350-4E19-9D9F-C32544CDD3CE}.AppStore|iPhoneSimulator.Build.0 = Debug|Any CPU
		{7ABD66C1-7350-4E19-9D9F-C32544CDD3CE}.AppStore|x64.ActiveCfg = Debug|Any CPU
		{7ABD66C1-7350-4E19-9D9F-C32544CDD3CE}.AppStore|x64.Build.0 = Debug|Any CPU
		{7ABD66C1-7350-4E19-9D9F-C32544CDD3CE}.AppStore|x86.ActiveCfg = Debug|Any CPU
		{7ABD66C1-7350-4E19-9D9F-C32544CDD3CE}.AppStore|x86.Build.0 = Debug|Any CPU
		{7ABD66C1-7350-4E19-9D9F-C32544CDD3CE}.Debug|Any CPU.ActiveCfg = Debug|Any CPU
		{7ABD66C1-7350-4E19-9D9F-C32544CDD3CE}.Debug|Any CPU.Build.0 = Debug|Any CPU
		{7ABD66C1-7350-4E19-9D9F-C32544CDD3CE}.Debug|ARM.ActiveCfg = Debug|Any CPU
		{7ABD66C1-7350-4E19-9D9F-C32544CDD3CE}.Debug|ARM.Build.0 = Debug|Any CPU
		{7ABD66C1-7350-4E19-9D9F-C32544CDD3CE}.Debug|iPhone.ActiveCfg = Debug|Any CPU
		{7ABD66C1-7350-4E19-9D9F-C32544CDD3CE}.Debug|iPhone.Build.0 = Debug|Any CPU
		{7ABD66C1-7350-4E19-9D9F-C32544CDD3CE}.Debug|iPhoneSimulator.ActiveCfg = Debug|Any CPU
		{7ABD66C1-7350-4E19-9D9F-C32544CDD3CE}.Debug|iPhoneSimulator.Build.0 = Debug|Any CPU
		{7ABD66C1-7350-4E19-9D9F-C32544CDD3CE}.Debug|x64.ActiveCfg = Debug|Any CPU
		{7ABD66C1-7350-4E19-9D9F-C32544CDD3CE}.Debug|x64.Build.0 = Debug|Any CPU
		{7ABD66C1-7350-4E19-9D9F-C32544CDD3CE}.Debug|x86.ActiveCfg = Debug|Any CPU
		{7ABD66C1-7350-4E19-9D9F-C32544CDD3CE}.Debug|x86.Build.0 = Debug|Any CPU
		{7ABD66C1-7350-4E19-9D9F-C32544CDD3CE}.Release|Any CPU.ActiveCfg = Release|Any CPU
		{7ABD66C1-7350-4E19-9D9F-C32544CDD3CE}.Release|Any CPU.Build.0 = Release|Any CPU
		{7ABD66C1-7350-4E19-9D9F-C32544CDD3CE}.Release|ARM.ActiveCfg = Release|Any CPU
		{7ABD66C1-7350-4E19-9D9F-C32544CDD3CE}.Release|ARM.Build.0 = Release|Any CPU
		{7ABD66C1-7350-4E19-9D9F-C32544CDD3CE}.Release|iPhone.ActiveCfg = Release|Any CPU
		{7ABD66C1-7350-4E19-9D9F-C32544CDD3CE}.Release|iPhone.Build.0 = Release|Any CPU
		{7ABD66C1-7350-4E19-9D9F-C32544CDD3CE}.Release|iPhoneSimulator.ActiveCfg = Release|Any CPU
		{7ABD66C1-7350-4E19-9D9F-C32544CDD3CE}.Release|iPhoneSimulator.Build.0 = Release|Any CPU
		{7ABD66C1-7350-4E19-9D9F-C32544CDD3CE}.Release|x64.ActiveCfg = Release|Any CPU
		{7ABD66C1-7350-4E19-9D9F-C32544CDD3CE}.Release|x64.Build.0 = Release|Any CPU
		{7ABD66C1-7350-4E19-9D9F-C32544CDD3CE}.Release|x86.ActiveCfg = Release|Any CPU
		{7ABD66C1-7350-4E19-9D9F-C32544CDD3CE}.Release|x86.Build.0 = Release|Any CPU
	EndGlobalSection
	GlobalSection(SolutionProperties) = preSolution
		HideSolutionNode = FALSE
	EndGlobalSection
	GlobalSection(ExtensibilityGlobals) = postSolution
		SolutionGuid = {1410718B-3D5A-4EA6-A2A5-D234AD862DED}
	EndGlobalSection
EndGlobal
